{
  "version": "3",
  "packages": {
    "specifiers": {
      "jsr:@commercelayer/js-auth": "jsr:@commercelayer/js-auth@6.1.0"
    },
    "jsr": {
      "@commercelayer/js-auth@6.1.0": {
        "integrity": "fbd5b8c2816f7a4ae984bae0ef04b0501d947aa69904712ac9e4a3fe62b48f68"
      }
    }
  },
  "remote": {},
  "workspace": {
    "dependencies": [
      "jsr:@commercelayer/js-auth@^6.1.0"
    ]
  }
}
