{
  "version": "3",
  "redirects": {
    "https://esm.sh/@commercelayer/js-auth": "https://esm.sh/@commercelayer/js-auth@5.2.0"
  },
  "remote": {
    "https://esm.sh/@commercelayer/js-auth@5.2.0": "8f609d55ba1a1ecc0eebdf01a84f88ffbd472aff2c6b547c5f6fd3a1f0b9f0d0",
    "https://esm.sh/v135/@commercelayer/js-auth@5.2.0/denonext/js-auth.mjs": "35d87bc27c81a23b2a4d3949f5d536874b46236fb3c74fb09052feb114d212b0"
  }
}
